%{
  "cowboy": {:hex, :cowboy, "2.8.0", "f3dc62e35797ecd9ac1b50db74611193c29815401e53bac9a5c0577bd7bc667d", [:rebar3], [{:cowlib, "~> 2.9.1", [hex: :cowlib, repo: "hexpm", optional: false]}, {:ranch, "~> 1.7.1", [hex: :ranch, repo: "hexpm", optional: false]}], "hexpm", "4643e4fba74ac96d4d152c75803de6fad0b3fa5df354c71afdd6cbeeb15fac8a"},
  "cowlib": {:hex, :cowlib, "2.9.1", "61a6c7c50cf07fdd24b2f45b89500bb93b6686579b069a89f88cb211e1125c78", [:rebar3], [], "hexpm", "e4175dc240a70d996156160891e1c62238ede1729e45740bdd38064dad476170"},
  "delta_crdt": {:hex, :delta_crdt, "0.5.10", "e866f8d1b89bee497a98b9793e9ba0ea514112a1c41a0c30dcde3463d4984d14", [:mix], [{:merkle_map, "~> 0.2.0", [hex: :merkle_map, repo: "hexpm", optional: false]}, {:telemetry, "~> 0.4.0", [hex: :telemetry, repo: "hexpm", optional: false]}], "hexpm", "ed5c685df9528788d7c056762c23f75358f3cadd4779698188a55ccae24d087a"},
  "gen_stage": {:hex, :gen_stage, "1.0.0", "51c8ae56ff54f9a2a604ca583798c210ad245f415115453b773b621c49776df5", [:mix], [], "hexpm", "1d9fc978db5305ac54e6f5fec7adf80cd893b1000cf78271564c516aa2af7706"},
  "gen_state_machine": {:hex, :gen_state_machine, "2.1.0", "a38b0e53fad812d29ec149f0d354da5d1bc0d7222c3711f3a0bd5aa608b42992", [:mix], [], "hexpm", "ae367038808db25cee2f2c4b8d0531522ea587c4995eb6f96ee73410a60fa06b"},
  "horde": {:hex, :horde, "0.7.1", "161e140e4e4fab5416b90a4e5b68fbe7fb78f62b265f87f01d661a58aa72be0c", [:mix], [{:delta_crdt, "~> 0.5.10", [hex: :delta_crdt, repo: "hexpm", optional: false]}, {:libring, "~> 1.4", [hex: :libring, repo: "hexpm", optional: false]}, {:telemetry, "~> 0.4.0", [hex: :telemetry, repo: "hexpm", optional: false]}, {:telemetry_poller, "~> 0.4.0", [hex: :telemetry_poller, repo: "hexpm", optional: false]}], "hexpm", "cbf5416cd4d221be07420d40a575cdaa1300a03d7ef593f805705e6b54f6187c"},
  "jason": {:hex, :jason, "1.2.1", "12b22825e22f468c02eb3e4b9985f3d0cb8dc40b9bd704730efa11abd2708c44", [:mix], [{:decimal, "~> 1.0", [hex: :decimal, repo: "hexpm", optional: true]}], "hexpm", "b659b8571deedf60f79c5a608e15414085fa141344e2716fbd6988a084b5f993"},
  "libcluster": {:hex, :libcluster, "3.2.1", "b2cd5b447cde25d5897749bee6f7aaeb6c96ac379481024e9b6ba495dabeb97d", [:mix], [{:jason, "~> 1.1", [hex: :jason, repo: "hexpm", optional: false]}], "hexpm", "89f225612d135edce9def56f43bf18d575d88ac4680e3f6161283f2e55cadca4"},
  "libring": {:hex, :libring, "1.5.0", "44313eb6862f5c9168594a061e9d5f556a9819da7c6444706a9e2da533396d70", [:mix], [], "hexpm", "04e843d4fdcff49a62d8e03778d17c6cb2a03fe2d14020d3825a1761b55bd6cc"},
  "merkle_map": {:hex, :merkle_map, "0.2.1", "01a88c87a6b9fb594c67c17ebaf047ee55ffa34e74297aa583ed87148006c4c8", [:mix], [], "hexpm", "fed4d143a5c8166eee4fa2b49564f3c4eace9cb252f0a82c1613bba905b2d04d"},
  "mime": {:hex, :mime, "1.4.0", "5066f14944b470286146047d2f73518cf5cca82f8e4815cf35d196b58cf07c47", [:mix], [], "hexpm", "75fa42c4228ea9a23f70f123c74ba7cece6a03b1fd474fe13f6a7a85c6ea4ff6"},
  "plug": {:hex, :plug, "1.10.4", "41eba7d1a2d671faaf531fa867645bd5a3dce0957d8e2a3f398ccff7d2ef017f", [:mix], [{:mime, "~> 1.0", [hex: :mime, repo: "hexpm", optional: false]}, {:plug_crypto, "~> 1.1.1 or ~> 1.2", [hex: :plug_crypto, repo: "hexpm", optional: false]}, {:telemetry, "~> 0.4", [hex: :telemetry, repo: "hexpm", optional: false]}], "hexpm", "ad1e233fe73d2eec56616568d260777b67f53148a999dc2d048f4eb9778fe4a0"},
  "plug_cowboy": {:hex, :plug_cowboy, "2.3.0", "149a50e05cb73c12aad6506a371cd75750c0b19a32f81866e1a323dda9e0e99d", [:mix], [{:cowboy, "~> 2.7", [hex: :cowboy, repo: "hexpm", optional: false]}, {:plug, "~> 1.7", [hex: :plug, repo: "hexpm", optional: false]}, {:telemetry, "~> 0.4", [hex: :telemetry, repo: "hexpm", optional: false]}], "hexpm", "bc595a1870cef13f9c1e03df56d96804db7f702175e4ccacdb8fc75c02a7b97e"},
  "plug_crypto": {:hex, :plug_crypto, "1.1.2", "bdd187572cc26dbd95b87136290425f2b580a116d3fb1f564216918c9730d227", [:mix], [], "hexpm", "6b8b608f895b6ffcfad49c37c7883e8df98ae19c6a28113b02aa1e9c5b22d6b5"},
  "ranch": {:hex, :ranch, "1.7.1", "6b1fab51b49196860b733a49c07604465a47bdb78aa10c1c16a3d199f7f8c881", [:rebar3], [], "hexpm", "451d8527787df716d99dc36162fca05934915db0b6141bbdac2ea8d3c7afc7d7"},
  "swarm": {:hex, :swarm, "3.4.0", "64f8b30055d74640d2186c66354b33b999438692a91be275bb89cdc7e401f448", [:mix], [{:gen_state_machine, "~> 2.0", [hex: :gen_state_machine, repo: "hexpm", optional: false]}, {:libring, "~> 1.0", [hex: :libring, repo: "hexpm", optional: false]}], "hexpm", "94884f84783fc1ba027aba8fe8a7dae4aad78c98e9f9c76667ec3471585c08c6"},
  "telemetry": {:hex, :telemetry, "0.4.2", "2808c992455e08d6177322f14d3bdb6b625fbcfd233a73505870d8738a2f4599", [:rebar3], [], "hexpm", "2d1419bd9dda6a206d7b5852179511722e2b18812310d304620c7bd92a13fcef"},
  "telemetry_poller": {:hex, :telemetry_poller, "0.4.1", "50d03d976a3b8ab4898d9e873852e688840df47685a13af90af40e1ba43a758b", [:rebar3], [{:telemetry, "~> 0.4", [hex: :telemetry, repo: "hexpm", optional: false]}], "hexpm", "c5bacbbcd62c1fe4e4517485bd64312622e9b83683273dcf2627ff224d7d485b"},
}
